
Microsoft Visual Studio Solution File, Format Version 12.00
# Visual Studio Express 2013 for Windows Desktop
VisualStudioVersion = 12.0.30501.0
MinimumVisualStudioVersion = 10.0.40219.1
Project("{FAE04EC0-301F-11D3-BF4B-00C04F79EFBC}") = "LatticeObjectTree", "LatticeObjectTree\LatticeObjectTree.csproj", "{137F10B8-5A00-4913-A07E-EFF45FB1CE14}"
EndProject
Project("{FAE04EC0-301F-11D3-BF4B-00C04F79EFBC}") = "LatticeObjectTree.UnitTests", "LatticeObjectTree.UnitTests\LatticeObjectTree.UnitTests.csproj", "{4C5FC723-89F8-4F99-B04A-7C1BFD56A4DA}"
EndProject
Project("{2150E333-8FDC-42A3-9474-1A3956D46DE8}") = ".nuget", ".nuget", "{23E8E447-62E8-4AFC-8A88-F97C1348FA5E}"
	ProjectSection(SolutionItems) = preProject
		.nuget\NuGet.Config = .nuget\NuGet.Config
		.nuget\NuGet.exe = .nuget\NuGet.exe
		.nuget\NuGet.targets = .nuget\NuGet.targets
	EndProjectSection
EndProject
Project("{FAE04EC0-301F-11D3-BF4B-00C04F79EFBC}") = "LatticeObjectTree.NUnit", "LatticeObjectTree.NUnit\LatticeObjectTree.NUnit.csproj", "{3F4A658A-5D31-44D1-85A2-BE08CB2D82CF}"
EndProject
Global
	GlobalSection(SolutionConfigurationPlatforms) = preSolution
		Debug|Any CPU = Debug|Any CPU
		Release|Any CPU = Release|Any CPU
	EndGlobalSection
	GlobalSection(ProjectConfigurationPlatforms) = postSolution
		{137F10B8-5A00-4913-A07E-EFF45FB1CE14}.Debug|Any CPU.ActiveCfg = Debug|Any CPU
		{137F10B8-5A00-4913-A07E-EFF45FB1CE14}.Debug|Any CPU.Build.0 = Debug|Any CPU
		{137F10B8-5A00-4913-A07E-EFF45FB1CE14}.Release|Any CPU.ActiveCfg = Release|Any CPU
		{137F10B8-5A00-4913-A07E-EFF45FB1CE14}.Release|Any CPU.Build.0 = Release|Any CPU
		{4C5FC723-89F8-4F99-B04A-7C1BFD56A4DA}.Debug|Any CPU.ActiveCfg = Debug|Any CPU
		{4C5FC723-89F8-4F99-B04A-7C1BFD56A4DA}.Debug|Any CPU.Build.0 = Debug|Any CPU
		{4C5FC723-89F8-4F99-B04A-7C1BFD56A4DA}.Release|Any CPU.ActiveCfg = Release|Any CPU
		{4C5FC723-89F8-4F99-B04A-7C1BFD56A4DA}.Release|Any CPU.Build.0 = Release|Any CPU
		{3F4A658A-5D31-44D1-85A2-BE08CB2D82CF}.Debug|Any CPU.ActiveCfg = Debug|Any CPU
		{3F4A658A-5D31-44D1-85A2-BE08CB2D82CF}.Debug|Any CPU.Build.0 = Debug|Any CPU
		{3F4A658A-5D31-44D1-85A2-BE08CB2D82CF}.Release|Any CPU.ActiveCfg = Release|Any CPU
		{3F4A658A-5D31-44D1-85A2-BE08CB2D82CF}.Release|Any CPU.Build.0 = Release|Any CPU
	EndGlobalSection
	GlobalSection(SolutionProperties) = preSolution
		HideSolutionNode = FALSE
	EndGlobalSection
EndGlobal
